
Microsoft Visual Studio Solution File, Format Version 11.00
# Visual Studio 2010
Project("{FAE04EC0-301F-11D3-BF4B-00C04F79EFBC}") = "CrackZip", "CrackZip.csproj", "{C009B70D-0B66-4DB6-B554-4BBADFC6899E}"
EndProject
Project("{FAE04EC0-301F-11D3-BF4B-00C04F79EFBC}") = "DotNetZip", "DotNetZip\DotNetZip.csproj", "{68B26D2F-5EB4-485D-A070-EC07757897D8}"
EndProject
Project("{FAE04EC0-301F-11D3-BF4B-00C04F79EFBC}") = "ICSharpCode.SharpZLib", "SharpZipLib\ICSharpCode.SharpZLib.csproj", "{0E7413FF-EB9E-4714-ACF2-BE3A6A7B2FFD}"
EndProject
Global
	GlobalSection(SolutionConfigurationPlatforms) = preSolution
		Debug|Any CPU = Debug|Any CPU
		Release|Any CPU = Release|Any CPU
	EndGlobalSection
	GlobalSection(ProjectConfigurationPlatforms) = postSolution
		{C009B70D-0B66-4DB6-B554-4BBADFC6899E}.Debug|Any CPU.ActiveCfg = Debug|Any CPU
		{C009B70D-0B66-4DB6-B554-4BBADFC6899E}.Debug|Any CPU.Build.0 = Debug|Any CPU
		{C009B70D-0B66-4DB6-B554-4BBADFC6899E}.Release|Any CPU.ActiveCfg = Release|Any CPU
		{C009B70D-0B66-4DB6-B554-4BBADFC6899E}.Release|Any CPU.Build.0 = Release|Any CPU
		{68B26D2F-5EB4-485D-A070-EC07757897D8}.Debug|Any CPU.ActiveCfg = Debug|Any CPU
		{68B26D2F-5EB4-485D-A070-EC07757897D8}.Debug|Any CPU.Build.0 = Debug|Any CPU
		{68B26D2F-5EB4-485D-A070-EC07757897D8}.Release|Any CPU.ActiveCfg = Release|Any CPU
		{68B26D2F-5EB4-485D-A070-EC07757897D8}.Release|Any CPU.Build.0 = Release|Any CPU
		{0E7413FF-EB9E-4714-ACF2-BE3A6A7B2FFD}.Debug|Any CPU.ActiveCfg = Debug|Any CPU
		{0E7413FF-EB9E-4714-ACF2-BE3A6A7B2FFD}.Debug|Any CPU.Build.0 = Debug|Any CPU
		{0E7413FF-EB9E-4714-ACF2-BE3A6A7B2FFD}.Release|Any CPU.ActiveCfg = Release|Any CPU
		{0E7413FF-EB9E-4714-ACF2-BE3A6A7B2FFD}.Release|Any CPU.Build.0 = Release|Any CPU
	EndGlobalSection
	GlobalSection(SolutionProperties) = preSolution
		HideSolutionNode = FALSE
	EndGlobalSection
EndGlobal
